
Microsoft Visual Studio Solution File, Format Version 12.00
# Visual Studio 14
VisualStudioVersion = 14.0.25420.1
MinimumVisualStudioVersion = 10.0.40219.1
Project("{8BC9CEB8-8B4A-11D0-8D11-00A0C91BC942}") = "Project1", "Project1\Project1.vcxproj", "{EC0FB56B-2A2B-4205-A86C-61B84701DB6B}"
EndProject
Project("{8BC9CEB8-8B4A-11D0-8D11-00A0C91BC942}") = "Project2", "Project2\Project2.vcxproj", "{DA80094E-8875-430A-A510-E0D8110D41FB}"
EndProject
Global
	GlobalSection(SolutionConfigurationPlatforms) = preSolution
		Debug|x64 = Debug|x64
		Debug|x86 = Debug|x86
		Release|x64 = Release|x64
		Release|x86 = Release|x86
	EndGlobalSection
	GlobalSection(ProjectConfigurationPlatforms) = postSolution
		{EC0FB56B-2A2B-4205-A86C-61B84701DB6B}.Debug|x64.ActiveCfg = Debug|x64
		{EC0FB56B-2A2B-4205-A86C-61B84701DB6B}.Debug|x64.Build.0 = Debug|x64
		{EC0FB56B-2A2B-4205-A86C-61B84701DB6B}.Debug|x86.ActiveCfg = Debug|Win32
		{EC0FB56B-2A2B-4205-A86C-61B84701DB6B}.Debug|x86.Build.0 = Debug|Win32
		{EC0FB56B-2A2B-4205-A86C-61B84701DB6B}.Release|x64.ActiveCfg = Release|x64
		{EC0FB56B-2A2B-4205-A86C-61B84701DB6B}.Release|x64.Build.0 = Release|x64
		{EC0FB56B-2A2B-4205-A86C-61B84701DB6B}.Release|x86.ActiveCfg = Release|Win32
		{EC0FB56B-2A2B-4205-A86C-61B84701DB6B}.Release|x86.Build.0 = Release|Win32
		{DA80094E-8875-430A-A510-E0D8110D41FB}.Debug|x64.ActiveCfg = Debug|x64
		{DA80094E-8875-430A-A510-E0D8110D41FB}.Debug|x64.Build.0 = Debug|x64
		{DA80094E-8875-430A-A510-E0D8110D41FB}.Debug|x86.ActiveCfg = Debug|Win32
		{DA80094E-8875-430A-A510-E0D8110D41FB}.Debug|x86.Build.0 = Debug|Win32
		{DA80094E-8875-430A-A510-E0D8110D41FB}.Release|x64.ActiveCfg = Release|x64
		{DA80094E-8875-430A-A510-E0D8110D41FB}.Release|x64.Build.0 = Release|x64
		{DA80094E-8875-430A-A510-E0D8110D41FB}.Release|x86.ActiveCfg = Release|Win32
		{DA80094E-8875-430A-A510-E0D8110D41FB}.Release|x86.Build.0 = Release|Win32
	EndGlobalSection
	GlobalSection(SolutionProperties) = preSolution
		HideSolutionNode = FALSE
	EndGlobalSection
EndGlobal
